<?xml version="1.0" encoding="utf-8"?>
<Project ToolsVersion="4.0" xmlns="http://schemas.microsoft.com/developer/msbuild/2003">
  <ItemGroup>
    <FxCompile Include="resources\shaders\Object3d.PS.hlsl">
      <Filter>リソース ファイル</Filter>
    </FxCompile>
    <FxCompile Include="resources\shaders\Object3d.VS.hlsl">
      <Filter>リソース ファイル</Filter>
    </FxCompile>
  </ItemGroup>
  <ItemGroup>
    <ClCompile Include="main.cpp">
      <Filter>ソース ファイル</Filter>
    </ClCompile>
    <ClCompile Include="Logger.cpp">
      <Filter>ソース ファイル</Filter>
    </ClCompile>
    <ClCompile Include="D3DResourceLeakChecker.cpp">
      <Filter>ソース ファイル</Filter>
    </ClCompile>
    <ClCompile Include="Matrix4x4Math.cpp">
      <Filter>ソース ファイル\engine\math</Filter>
    </ClCompile>
    <ClCompile Include="Sprite.cpp">
      <Filter>ソース ファイル\engine\2d</Filter>
    </ClCompile>
    <ClCompile Include="Model.cpp">
      <Filter>ソース ファイル\engine\3d</Filter>
    </ClCompile>
    <ClCompile Include="externals\imgui\imgui.cpp">
      <Filter>externals\imgui</Filter>
    </ClCompile>
    <ClCompile Include="externals\imgui\imgui_demo.cpp">
      <Filter>externals\imgui</Filter>
    </ClCompile>
    <ClCompile Include="externals\imgui\imgui_draw.cpp">
      <Filter>externals\imgui</Filter>
    </ClCompile>
    <ClCompile Include="externals\imgui\imgui_impl_dx12.cpp">
      <Filter>externals\imgui</Filter>
    </ClCompile>
    <ClCompile Include="externals\imgui\imgui_impl_win32.cpp">
      <Filter>externals\imgui</Filter>
    </ClCompile>
    <ClCompile Include="externals\imgui\imgui_tables.cpp">
      <Filter>externals\imgui</Filter>
    </ClCompile>
    <ClCompile Include="externals\imgui\imgui_widgets.cpp">
      <Filter>externals\imgui</Filter>
    </ClCompile>
    <ClCompile Include="DirectXCommon.cpp">
      <Filter>ソース ファイル\engine\base</Filter>
    </ClCompile>
    <ClCompile Include="StringUtility.cpp">
      <Filter>ソース ファイル\engine\base</Filter>
    </ClCompile>
    <ClCompile Include="WinApp.cpp">
      <Filter>ソース ファイル\engine\base</Filter>
    </ClCompile>
    <ClCompile Include="TextureManager.cpp">
      <Filter>ソース ファイル\engine\base</Filter>
    </ClCompile>
    <ClCompile Include="Input.cpp">
      <Filter>ソース ファイル\engine\input</Filter>
    </ClCompile>
    <ClCompile Include="Camera.cpp">
      <Filter>ソース ファイル</Filter>
    </ClCompile>
    <ClCompile Include="SrvManager.cpp">
      <Filter>ソース ファイル</Filter>
    </ClCompile>
    <ClCompile Include="ModelCommon.cpp">
      <Filter>ソース ファイル</Filter>
    </ClCompile>
    <ClCompile Include="ModelManager.cpp">
      <Filter>ソース ファイル</Filter>
    </ClCompile>
    <ClCompile Include="Object3d.cpp">
      <Filter>ソース ファイル</Filter>
    </ClCompile>
    <ClCompile Include="Object3dCommon.cpp">
      <Filter>ソース ファイル</Filter>
    </ClCompile>
    <ClCompile Include="SpriteCommon.cpp">
      <Filter>ソース ファイル</Filter>
    </ClCompile>
  </ItemGroup>
  <ItemGroup>
    <ClInclude Include="Logger.h">
      <Filter>ヘッダー ファイル</Filter>
    </ClInclude>
    <ClInclude Include="D3DResourceLeakChecker.h">
      <Filter>ヘッダー ファイル</Filter>
    </ClInclude>
    <ClInclude Include="SpriteCommon.h">
      <Filter>ヘッダー ファイル</Filter>
    </ClInclude>
    <ClInclude Include="Vector2.h">
      <Filter>ヘッダー ファイル\engine\math</Filter>
    </ClInclude>
    <ClInclude Include="Vector3.h">
      <Filter>ヘッダー ファイル\engine\math</Filter>
    </ClInclude>
    <ClInclude Include="Vector4.h">
      <Filter>ヘッダー ファイル\engine\math</Filter>
    </ClInclude>
    <ClInclude Include="Matrix3x3.h">
      <Filter>ヘッダー ファイル\engine\math</Filter>
    </ClInclude>
    <ClInclude Include="Matrix4x4.h">
      <Filter>ヘッダー ファイル\engine\math</Filter>
    </ClInclude>
    <ClInclude Include="Transform.h">
      <Filter>ヘッダー ファイル\engine\math</Filter>
    </ClInclude>
    <ClInclude Include="Matrix4x4Math.h">
      <Filter>ヘッダー ファイル\engine\math</Filter>
    </ClInclude>
    <ClInclude Include="Object3dCommon.h">
      <Filter>ヘッダー ファイル</Filter>
    </ClInclude>
    <ClInclude Include="Object3d.h">
      <Filter>ヘッダー ファイル</Filter>
    </ClInclude>
    <ClInclude Include="ModelCommon.h">
      <Filter>ヘッダー ファイル</Filter>
    </ClInclude>
    <ClInclude Include="ModelManager.h">
      <Filter>ヘッダー ファイル</Filter>
    </ClInclude>
    <ClInclude Include="externals\imgui\imgui.h">
      <Filter>externals\imgui</Filter>
    </ClInclude>
    <ClInclude Include="externals\imgui\imgui_impl_dx12.h">
      <Filter>externals\imgui</Filter>
    </ClInclude>
    <ClInclude Include="externals\imgui\imgui_impl_win32.h">
      <Filter>externals\imgui</Filter>
    </ClInclude>
    <ClInclude Include="externals\imgui\imgui_internal.h">
      <Filter>externals\imgui</Filter>
    </ClInclude>
    <ClInclude Include="externals\imgui\imstb_rectpack.h">
      <Filter>externals</Filter>
    </ClInclude>
    <ClInclude Include="externals\imgui\imconfig.h">
      <Filter>externals</Filter>
    </ClInclude>
    <ClInclude Include="externals\imgui\imstb_textedit.h">
      <Filter>externals</Filter>
    </ClInclude>
    <ClInclude Include="externals\imgui\imstb_truetype.h">
      <Filter>externals</Filter>
    </ClInclude>
    <ClInclude Include="Input.h">
      <Filter>ヘッダー ファイル\engine\input</Filter>
    </ClInclude>
    <ClInclude Include="Sprite.h">
      <Filter>ヘッダー ファイル\engine\2d</Filter>
    </ClInclude>
    <ClInclude Include="Model.h">
      <Filter>ヘッダー ファイル\engine\3d</Filter>
    </ClInclude>
    <ClInclude Include="DirectXCommon.h">
      <Filter>ヘッダー ファイル\engine\base</Filter>
    </ClInclude>
    <ClInclude Include="StringUtility.h">
      <Filter>ヘッダー ファイル\engine\base</Filter>
    </ClInclude>
    <ClInclude Include="TextureManager.h">
      <Filter>ヘッダー ファイル\engine\base</Filter>
    </ClInclude>
    <ClInclude Include="WinApp.h">
      <Filter>ヘッダー ファイル\engine\base</Filter>
    </ClInclude>
    <ClInclude Include="Camera.h">
      <Filter>ヘッダー ファイル</Filter>
    </ClInclude>
    <ClInclude Include="SrvManager.h">
      <Filter>ヘッダー ファイル</Filter>
    </ClInclude>
  </ItemGroup>
  <ItemGroup>
    <Filter Include="ヘッダー ファイル">
      <UniqueIdentifier>{59cb75f9-b4b8-449e-9fda-13885e6d04e0}</UniqueIdentifier>
    </Filter>
    <Filter Include="ソース ファイル">
      <UniqueIdentifier>{73caf390-1185-4b7f-aaf0-20297269ff34}</UniqueIdentifier>
    </Filter>
    <Filter Include="ソース ファイル\engine">
      <UniqueIdentifier>{d7311612-bb0f-4661-ad4d-9fa4b07f5528}</UniqueIdentifier>
    </Filter>
    <Filter Include="ソース ファイル\engine\scene">
      <UniqueIdentifier>{ceb0e762-6267-4bb7-a54b-85bcdd4bb723}</UniqueIdentifier>
    </Filter>
    <Filter Include="ソース ファイル\engine\math">
      <UniqueIdentifier>{3461b382-7c79-43c9-a582-63f97212f9cb}</UniqueIdentifier>
    </Filter>
    <Filter Include="ソース ファイル\engine\base">
      <UniqueIdentifier>{56f122f9-4421-4aec-bb3c-07c77055f794}</UniqueIdentifier>
    </Filter>
    <Filter Include="ソース ファイル\engine\audio">
      <UniqueIdentifier>{730c93a2-c596-4ceb-91c5-7c1ed77111e4}</UniqueIdentifier>
    </Filter>
    <Filter Include="ソース ファイル\engine\3d">
      <UniqueIdentifier>{50c23621-5e89-4164-a45a-da9b2de63bf4}</UniqueIdentifier>
    </Filter>
    <Filter Include="ソース ファイル\engine\2d">
      <UniqueIdentifier>{675f8795-57fb-43d8-97d4-d9eb74ceaf91}</UniqueIdentifier>
    </Filter>
    <Filter Include="ソース ファイル\application">
      <UniqueIdentifier>{905ffaad-e359-4a29-83ab-6250d8518a87}</UniqueIdentifier>
    </Filter>
    <Filter Include="ヘッダー ファイル\engine">
      <UniqueIdentifier>{ccd228e6-4962-49cb-b6e4-8e9ac28b55a9}</UniqueIdentifier>
    </Filter>
    <Filter Include="ヘッダー ファイル\engine\scene">
      <UniqueIdentifier>{80bb94d7-37b6-4eab-b0cd-94651fbe600c}</UniqueIdentifier>
    </Filter>
    <Filter Include="ヘッダー ファイル\engine\math">
      <UniqueIdentifier>{a68f3b30-f119-4860-b544-5161663e65c6}</UniqueIdentifier>
    </Filter>
    <Filter Include="ヘッダー ファイル\engine\base">
      <UniqueIdentifier>{17c2fc47-1aa0-4eb6-a8ed-0a05ed95eea1}</UniqueIdentifier>
    </Filter>
    <Filter Include="ヘッダー ファイル\engine\audio">
      <UniqueIdentifier>{a42ecfab-356a-42aa-8c10-3f7dfb4d3f7f}</UniqueIdentifier>
    </Filter>
    <Filter Include="ヘッダー ファイル\engine\3d">
      <UniqueIdentifier>{dfa4332f-9733-43c9-9eff-f135d3afcc16}</UniqueIdentifier>
    </Filter>
    <Filter Include="ヘッダー ファイル\engine\2d">
      <UniqueIdentifier>{d5cf0239-9d63-47cb-8777-be5fb813a824}</UniqueIdentifier>
    </Filter>
    <Filter Include="ヘッダー ファイル\application">
      <UniqueIdentifier>{06b5458a-28a9-4d1f-af5d-bf2d769e649f}</UniqueIdentifier>
    </Filter>
    <Filter Include="externals">
      <UniqueIdentifier>{ba63cf1e-da58-4328-9c54-427a9617ea32}</UniqueIdentifier>
    </Filter>
    <Filter Include="externals\imgui">
      <UniqueIdentifier>{451aeed4-9220-4cc7-b388-7842000559ab}</UniqueIdentifier>
    </Filter>
    <Filter Include="リソース ファイル">
      <UniqueIdentifier>{3a2e0dfe-aedc-4a83-88a8-903dd245a2a2}</UniqueIdentifier>
    </Filter>
    <Filter Include="ヘッダー ファイル\engine\input">
      <UniqueIdentifier>{eb9e75c5-7166-4959-beb5-267c95c57e34}</UniqueIdentifier>
    </Filter>
    <Filter Include="ソース ファイル\engine\input">
      <UniqueIdentifier>{45072645-b63c-473b-896c-0d1d9644da12}</UniqueIdentifier>
    </Filter>
  </ItemGroup>
  <ItemGroup>
    <Text Include="externals\imgui\LICENSE.txt">
      <Filter>externals</Filter>
    </Text>
  </ItemGroup>
  <ItemGroup>
    <None Include="resources\shaders\Object3d.hlsli">
      <Filter>リソース ファイル</Filter>
    </None>
  </ItemGroup>
</Project>